// !$*UTF8*$!
{
	archiveVersion = 1;
	classes = {
	};
	objectVersion = 50;
	objects = {

/* Begin PBXBuildFile section */
		74BC2911219F88390090E299 /* AppDelegate.swift in Sources */ = {isa = PBXBuildFile; fileRef = 74BC2910219F88390090E299 /* AppDelegate.swift */; };
		74BC2913219F88390090E299 /* ViewController.swift in Sources */ = {isa = PBXBuildFile; fileRef = 74BC2912219F88390090E299 /* ViewController.swift */; };
		74BC2916219F88390090E299 /* Main.storyboard in Resources */ = {isa = PBXBuildFile; fileRef = 74BC2914219F88390090E299 /* Main.storyboard */; };
		74BC2918219F883D0090E299 /* Assets.xcassets in Resources */ = {isa = PBXBuildFile; fileRef = 74BC2917219F883D0090E299 /* Assets.xcassets */; };
		74BC291B219F883D0090E299 /* LaunchScreen.storyboard in Resources */ = {isa = PBXBuildFile; fileRef = 74BC2919219F883D0090E299 /* LaunchScreen.storyboard */; };
		74BC2926219F883D0090E299 /* FlickrSearchTests.swift in Sources */ = {isa = PBXBuildFile; fileRef = 74BC2925219F883D0090E299 /* FlickrSearchTests.swift */; };
		74BC2931219F883E0090E299 /* FlickrSearchUITests.swift in Sources */ = {isa = PBXBuildFile; fileRef = 74BC2930219F883E0090E299 /* FlickrSearchUITests.swift */; };
		74BC2941219F8BF60090E299 /* FlickrPhoto.swift in Sources */ = {isa = PBXBuildFile; fileRef = 74BC293E219F8BF60090E299 /* FlickrPhoto.swift */; };
		74BC2942219F8BF60090E299 /* Flickr.swift in Sources */ = {isa = PBXBuildFile; fileRef = 74BC293F219F8BF60090E299 /* Flickr.swift */; };
		74BC2943219F8BF60090E299 /* FlickrSearchResults.swift in Sources */ = {isa = PBXBuildFile; fileRef = 74BC2940219F8BF60090E299 /* FlickrSearchResults.swift */; };
/* End PBXBuildFile section */

/* Begin PBXContainerItemProxy section */
		74BC2922219F883D0090E299 /* PBXContainerItemProxy */ = {
			isa = PBXContainerItemProxy;
			containerPortal = 74BC2905219F88390090E299 /* Project object */;
			proxyType = 1;
			remoteGlobalIDString = 74BC290C219F88390090E299;
			remoteInfo = FlickrSearch;
		};
		74BC292D219F883E0090E299 /* PBXContainerItemProxy */ = {
			isa = PBXContainerItemProxy;
			containerPortal = 74BC2905219F88390090E299 /* Project object */;
			proxyType = 1;
			remoteGlobalIDString = 74BC290C219F88390090E299;
			remoteInfo = FlickrSearch;
		};
/* End PBXContainerItemProxy section */

/* Begin PBXFileReference section */
		74BC290D219F88390090E299 /* FlickrSearch.app */ = {isa = PBXFileReference; explicitFileType = wrapper.application; includeInIndex = 0; path = FlickrSearch.app; sourceTree = BUILT_PRODUCTS_DIR; };
		74BC2910219F88390090E299 /* AppDelegate.swift */ = {isa = PBXFileReference; lastKnownFileType = sourcecode.swift; path = AppDelegate.swift; sourceTree = "<group>"; };
		74BC2912219F88390090E299 /* ViewController.swift */ = {isa = PBXFileReference; lastKnownFileType = sourcecode.swift; path = ViewController.swift; sourceTree = "<group>"; };
		74BC2915219F88390090E299 /* Base */ = {isa = PBXFileReference; lastKnownFileType = file.storyboard; name = Base; path = Base.lproj/Main.storyboard; sourceTree = "<group>"; };
		74BC2917219F883D0090E299 /* Assets.xcassets */ = {isa = PBXFileReference; lastKnownFileType = folder.assetcatalog; path = Assets.xcassets; sourceTree = "<group>"; };
		74BC291A219F883D0090E299 /* Base */ = {isa = PBXFileReference; lastKnownFileType = file.storyboard; name = Base; path = Base.lproj/LaunchScreen.storyboard; sourceTree = "<group>"; };
		74BC291C219F883D0090E299 /* Info.plist */ = {isa = PBXFileReference; lastKnownFileType = text.plist.xml; path = Info.plist; sourceTree = "<group>"; };
		74BC2921219F883D0090E299 /* FlickrSearchTests.xctest */ = {isa = PBXFileReference; explicitFileType = wrapper.cfbundle; includeInIndex = 0; path = FlickrSearchTests.xctest; sourceTree = BUILT_PRODUCTS_DIR; };
		74BC2925219F883D0090E299 /* FlickrSearchTests.swift */ = {isa = PBXFileReference; lastKnownFileType = sourcecode.swift; path = FlickrSearchTests.swift; sourceTree = "<group>"; };
		74BC2927219F883D0090E299 /* Info.plist */ = {isa = PBXFileReference; lastKnownFileType = text.plist.xml; path = Info.plist; sourceTree = "<group>"; };
		74BC292C219F883D0090E299 /* FlickrSearchUITests.xctest */ = {isa = PBXFileReference; explicitFileType = wrapper.cfbundle; includeInIndex = 0; path = FlickrSearchUITests.xctest; sourceTree = BUILT_PRODUCTS_DIR; };
		74BC2930219F883E0090E299 /* FlickrSearchUITests.swift */ = {isa = PBXFileReference; lastKnownFileType = sourcecode.swift; path = FlickrSearchUITests.swift; sourceTree = "<group>"; };
		74BC2932219F883E0090E299 /* Info.plist */ = {isa = PBXFileReference; lastKnownFileType = text.plist.xml; path = Info.plist; sourceTree = "<group>"; };
		74BC293E219F8BF60090E299 /* FlickrPhoto.swift */ = {isa = PBXFileReference; fileEncoding = 4; lastKnownFileType = sourcecode.swift; path = FlickrPhoto.swift; sourceTree = "<group>"; };
		74BC293F219F8BF60090E299 /* Flickr.swift */ = {isa = PBXFileReference; fileEncoding = 4; lastKnownFileType = sourcecode.swift; path = Flickr.swift; sourceTree = "<group>"; };
		74BC2940219F8BF60090E299 /* FlickrSearchResults.swift */ = {isa = PBXFileReference; fileEncoding = 4; lastKnownFileType = sourcecode.swift; path = FlickrSearchResults.swift; sourceTree = "<group>"; };
/* End PBXFileReference section */

/* Begin PBXFrameworksBuildPhase section */
		74BC290A219F88390090E299 /* Frameworks */ = {
			isa = PBXFrameworksBuildPhase;
			buildActionMask = 2147483647;
			files = (
			);
			runOnlyForDeploymentPostprocessing = 0;
		};
		74BC291E219F883D0090E299 /* Frameworks */ = {
			isa = PBXFrameworksBuildPhase;
			buildActionMask = 2147483647;
			files = (
			);
			runOnlyForDeploymentPostprocessing = 0;
		};
		74BC2929219F883D0090E299 /* Frameworks */ = {
			isa = PBXFrameworksBuildPhase;
			buildActionMask = 2147483647;
			files = (
			);
			runOnlyForDeploymentPostprocessing = 0;
		};
/* End PBXFrameworksBuildPhase section */

/* Begin PBXGroup section */
		74BC2904219F88390090E299 = {
			isa = PBXGroup;
			children = (
				74BC290F219F88390090E299 /* FlickrSearch */,
				74BC2924219F883D0090E299 /* FlickrSearchTests */,
				74BC292F219F883E0090E299 /* FlickrSearchUITests */,
				74BC290E219F88390090E299 /* Products */,
			);
			sourceTree = "<group>";
		};
		74BC290E219F88390090E299 /* Products */ = {
			isa = PBXGroup;
			children = (
				74BC290D219F88390090E299 /* FlickrSearch.app */,
				74BC2921219F883D0090E299 /* FlickrSearchTests.xctest */,
				74BC292C219F883D0090E299 /* FlickrSearchUITests.xctest */,
			);
			name = Products;
			sourceTree = "<group>";
		};
		74BC290F219F88390090E299 /* FlickrSearch */ = {
			isa = PBXGroup;
			children = (
				74BC293F219F8BF60090E299 /* Flickr.swift */,
				74BC293E219F8BF60090E299 /* FlickrPhoto.swift */,
				74BC2940219F8BF60090E299 /* FlickrSearchResults.swift */,
				74BC2910219F88390090E299 /* AppDelegate.swift */,
				74BC2912219F88390090E299 /* ViewController.swift */,
				74BC2914219F88390090E299 /* Main.storyboard */,
				74BC2917219F883D0090E299 /* Assets.xcassets */,
				74BC2919219F883D0090E299 /* LaunchScreen.storyboard */,
				74BC291C219F883D0090E299 /* Info.plist */,
			);
			path = FlickrSearch;
			sourceTree = "<group>";
		};
		74BC2924219F883D0090E299 /* FlickrSearchTests */ = {
			isa = PBXGroup;
			children = (
				74BC2925219F883D0090E299 /* FlickrSearchTests.swift */,
				74BC2927219F883D0090E299 /* Info.plist */,
			);
			path = FlickrSearchTests;
			sourceTree = "<group>";
		};
		74BC292F219F883E0090E299 /* FlickrSearchUITests */ = {
			isa = PBXGroup;
			children = (
				74BC2930219F883E0090E299 /* FlickrSearchUITests.swift */,
				74BC2932219F883E0090E299 /* Info.plist */,
			);
			path = FlickrSearchUITests;
			sourceTree = "<group>";
		};
/* End PBXGroup section */

/* Begin PBXNativeTarget section */
		74BC290C219F88390090E299 /* FlickrSearch */ = {
			isa = PBXNativeTarget;
			buildConfigurationList = 74BC2935219F883E0090E299 /* Build configuration list for PBXNativeTarget "FlickrSearch" */;
			buildPhases = (
				74BC2909219F88390090E299 /* Sources */,
				74BC290A219F88390090E299 /* Frameworks */,
				74BC290B219F88390090E299 /* Resources */,
			);
			buildRules = (
			);
			dependencies = (
			);
			name = FlickrSearch;
			productName = FlickrSearch;
			productReference = 74BC290D219F88390090E299 /* FlickrSearch.app */;
			productType = "com.apple.product-type.application";
		};
		74BC2920219F883D0090E299 /* FlickrSearchTests */ = {
			isa = PBXNativeTarget;
			buildConfigurationList = 74BC2938219F883E0090E299 /* Build configuration list for PBXNativeTarget "FlickrSearchTests" */;
			buildPhases = (
				74BC291D219F883D0090E299 /* Sources */,
				74BC291E219F883D0090E299 /* Frameworks */,
				74BC291F219F883D0090E299 /* Resources */,
			);
			buildRules = (
			);
			dependencies = (
				74BC2923219F883D0090E299 /* PBXTargetDependency */,
			);
			name = FlickrSearchTests;
			productName = FlickrSearchTests;
			productReference = 74BC2921219F883D0090E299 /* FlickrSearchTests.xctest */;
			productType = "com.apple.product-type.bundle.unit-test";
		};
		74BC292B219F883D0090E299 /* FlickrSearchUITests */ = {
			isa = PBXNativeTarget;
			buildConfigurationList = 74BC293B219F883E0090E299 /* Build configuration list for PBXNativeTarget "FlickrSearchUITests" */;
			buildPhases = (
				74BC2928219F883D0090E299 /* Sources */,
				74BC2929219F883D0090E299 /* Frameworks */,
				74BC292A219F883D0090E299 /* Resources */,
			);
			buildRules = (
			);
			dependencies = (
				74BC292E219F883E0090E299 /* PBXTargetDependency */,
			);
			name = FlickrSearchUITests;
			productName = FlickrSearchUITests;
			productReference = 74BC292C219F883D0090E299 /* FlickrSearchUITests.xctest */;
			productType = "com.apple.product-type.bundle.ui-testing";
		};
/* End PBXNativeTarget section */

/* Begin PBXProject section */
		74BC2905219F88390090E299 /* Project object */ = {
			isa = PBXProject;
			attributes = {
				LastSwiftUpdateCheck = 1010;
				LastUpgradeCheck = 1010;
				ORGANIZATIONNAME = "Josue Quiñones";
				TargetAttributes = {
					74BC290C219F88390090E299 = {
						CreatedOnToolsVersion = 10.1;
					};
					74BC2920219F883D0090E299 = {
						CreatedOnToolsVersion = 10.1;
						TestTargetID = 74BC290C219F88390090E299;
					};
					74BC292B219F883D0090E299 = {
						CreatedOnToolsVersion = 10.1;
						TestTargetID = 74BC290C219F88390090E299;
					};
				};
			};
			buildConfigurationList = 74BC2908219F88390090E299 /* Build configuration list for PBXProject "FlickrSearch" */;
			compatibilityVersion = "Xcode 9.3";
			developmentRegion = en;
			hasScannedForEncodings = 0;
			knownRegions = (
				en,
				Base,
			);
			mainGroup = 74BC2904219F88390090E299;
			productRefGroup = 74BC290E219F88390090E299 /* Products */;
			projectDirPath = "";
			projectRoot = "";
			targets = (
				74BC290C219F88390090E299 /* FlickrSearch */,
				74BC2920219F883D0090E299 /* FlickrSearchTests */,
				74BC292B219F883D0090E299 /* FlickrSearchUITests */,
			);
		};
/* End PBXProject section */

/* Begin PBXResourcesBuildPhase section */
		74BC290B219F88390090E299 /* Resources */ = {
			isa = PBXResourcesBuildPhase;
			buildActionMask = 2147483647;
			files = (
				74BC291B219F883D0090E299 /* LaunchScreen.storyboard in Resources */,
				74BC2918219F883D0090E299 /* Assets.xcassets in Resources */,
				74BC2916219F88390090E299 /* Main.storyboard in Resources */,
			);
			runOnlyForDeploymentPostprocessing = 0;
		};
		74BC291F219F883D0090E299 /* Resources */ = {
			isa = PBXResourcesBuildPhase;
			buildActionMask = 2147483647;
			files = (
			);
			runOnlyForDeploymentPostprocessing = 0;
		};
		74BC292A219F883D0090E299 /* Resources */ = {
			isa = PBXResourcesBuildPhase;
			buildActionMask = 2147483647;
			files = (
			);
			runOnlyForDeploymentPostprocessing = 0;
		};
/* End PBXResourcesBuildPhase section */

/* Begin PBXSourcesBuildPhase section */
		74BC2909219F88390090E299 /* Sources */ = {
			isa = PBXSourcesBuildPhase;
			buildActionMask = 2147483647;
			files = (
				74BC2913219F88390090E299 /* ViewController.swift in Sources */,
				74BC2943219F8BF60090E299 /* FlickrSearchResults.swift in Sources */,
				74BC2941219F8BF60090E299 /* FlickrPhoto.swift in Sources */,
				74BC2942219F8BF60090E299 /* Flickr.swift in Sources */,
				74BC2911219F88390090E299 /* AppDelegate.swift in Sources */,
			);
			runOnlyForDeploymentPostprocessing = 0;
		};
		74BC291D219F883D0090E299 /* Sources */ = {
			isa = PBXSourcesBuildPhase;
			buildActionMask = 2147483647;
			files = (
				74BC2926219F883D0090E299 /* FlickrSearchTests.swift in Sources */,
			);
			runOnlyForDeploymentPostprocessing = 0;
		};
		74BC2928219F883D0090E299 /* Sources */ = {
			isa = PBXSourcesBuildPhase;
			buildActionMask = 2147483647;
			files = (
				74BC2931219F883E0090E299 /* FlickrSearchUITests.swift in Sources */,
			);
			runOnlyForDeploymentPostprocessing = 0;
		};
/* End PBXSourcesBuildPhase section */

/* Begin PBXTargetDependency section */
		74BC2923219F883D0090E299 /* PBXTargetDependency */ = {
			isa = PBXTargetDependency;
			target = 74BC290C219F88390090E299 /* FlickrSearch */;
			targetProxy = 74BC2922219F883D0090E299 /* PBXContainerItemProxy */;
		};
		74BC292E219F883E0090E299 /* PBXTargetDependency */ = {
			isa = PBXTargetDependency;
			target = 74BC290C219F88390090E299 /* FlickrSearch */;
			targetProxy = 74BC292D219F883E0090E299 /* PBXContainerItemProxy */;
		};
/* End PBXTargetDependency section */

/* Begin PBXVariantGroup section */
		74BC2914219F88390090E299 /* Main.storyboard */ = {
			isa = PBXVariantGroup;
			children = (
				74BC2915219F88390090E299 /* Base */,
			);
			name = Main.storyboard;
			sourceTree = "<group>";
		};
		74BC2919219F883D0090E299 /* LaunchScreen.storyboard */ = {
			isa = PBXVariantGroup;
			children = (
				74BC291A219F883D0090E299 /* Base */,
			);
			name = LaunchScreen.storyboard;
			sourceTree = "<group>";
		};
/* End PBXVariantGroup section */

/* Begin XCBuildConfiguration section */
		74BC2933219F883E0090E299 /* Debug */ = {
			isa = XCBuildConfiguration;
			buildSettings = {
				ALWAYS_SEARCH_USER_PATHS = NO;
				CLANG_ANALYZER_NONNULL = YES;
				CLANG_ANALYZER_NUMBER_OBJECT_CONVERSION = YES_AGGRESSIVE;
				CLANG_CXX_LANGUAGE_STANDARD = "gnu++14";
				CLANG_CXX_LIBRARY = "libc++";
				CLANG_ENABLE_MODULES = YES;
				CLANG_ENABLE_OBJC_ARC = YES;
				CLANG_ENABLE_OBJC_WEAK = YES;
				CLANG_WARN_BLOCK_CAPTURE_AUTORELEASING = YES;
				CLANG_WARN_BOOL_CONVERSION = YES;
				CLANG_WARN_COMMA = YES;
				CLANG_WARN_CONSTANT_CONVERSION = YES;
				CLANG_WARN_DEPRECATED_OBJC_IMPLEMENTATIONS = YES;
				CLANG_WARN_DIRECT_OBJC_ISA_USAGE = YES_ERROR;
				CLANG_WARN_DOCUMENTATION_COMMENTS = YES;
				CLANG_WARN_EMPTY_BODY = YES;
				CLANG_WARN_ENUM_CONVERSION = YES;
				CLANG_WARN_INFINITE_RECURSION = YES;
				CLANG_WARN_INT_CONVERSION = YES;
				CLANG_WARN_NON_LITERAL_NULL_CONVERSION = YES;
				CLANG_WARN_OBJC_IMPLICIT_RETAIN_SELF = YES;
				CLANG_WARN_OBJC_LITERAL_CONVERSION = YES;
				CLANG_WARN_OBJC_ROOT_CLASS = YES_ERROR;
				CLANG_WARN_RANGE_LOOP_ANALYSIS = YES;
				CLANG_WARN_STRICT_PROTOTYPES = YES;
				CLANG_WARN_SUSPICIOUS_MOVE = YES;
				CLANG_WARN_UNGUARDED_AVAILABILITY = YES_AGGRESSIVE;
				CLANG_WARN_UNREACHABLE_CODE = YES;
				CLANG_WARN__DUPLICATE_METHOD_MATCH = YES;
				CODE_SIGN_IDENTITY = "iPhone Developer";
				COPY_PHASE_STRIP = NO;
				DEBUG_INFORMATION_FORMAT = dwarf;
				ENABLE_STRICT_OBJC_MSGSEND = YES;
				ENABLE_TESTABILITY = YES;
				GCC_C_LANGUAGE_STANDARD = gnu11;
				GCC_DYNAMIC_NO_PIC = NO;
				GCC_NO_COMMON_BLOCKS = YES;
				GCC_OPTIMIZATION_LEVEL = 0;
				GCC_PREPROCESSOR_DEFINITIONS = (
					"DEBUG=1",
					"$(inherited)",
				);
				GCC_WARN_64_TO_32_BIT_CONVERSION = YES;
				GCC_WARN_ABOUT_RETURN_TYPE = YES_ERROR;
				GCC_WARN_UNDECLARED_SELECTOR = YES;
				GCC_WARN_UNINITIALIZED_AUTOS = YES_AGGRESSIVE;
				GCC_WARN_UNUSED_FUNCTION = YES;
				GCC_WARN_UNUSED_VARIABLE = YES;
				IPHONEOS_DEPLOYMENT_TARGET = 12.1;
				MTL_ENABLE_DEBUG_INFO = INCLUDE_SOURCE;
				MTL_FAST_MATH = YES;
				ONLY_ACTIVE_ARCH = YES;
				SDKROOT = iphoneos;
				SWIFT_ACTIVE_COMPILATION_CONDITIONS = DEBUG;
				SWIFT_OPTIMIZATION_LEVEL = "-Onone";
			};
			name = Debug;
		};
		74BC2934219F883E0090E299 /* Release */ = {
			isa = XCBuildConfiguration;
			buildSettings = {
				ALWAYS_SEARCH_USER_PATHS = NO;
				CLANG_ANALYZER_NONNULL = YES;
				CLANG_ANALYZER_NUMBER_OBJECT_CONVERSION = YES_AGGRESSIVE;
				CLANG_CXX_LANGUAGE_STANDARD = "gnu++14";
				CLANG_CXX_LIBRARY = "libc++";
				CLANG_ENABLE_MODULES = YES;
				CLANG_ENABLE_OBJC_ARC = YES;
				CLANG_ENABLE_OBJC_WEAK = YES;
				CLANG_WARN_BLOCK_CAPTURE_AUTORELEASING = YES;
				CLANG_WARN_BOOL_CONVERSION = YES;
				CLANG_WARN_COMMA = YES;
				CLANG_WARN_CONSTANT_CONVERSION = YES;
				CLANG_WARN_DEPRECATED_OBJC_IMPLEMENTATIONS = YES;
				CLANG_WARN_DIRECT_OBJC_ISA_USAGE = YES_ERROR;
				CLANG_WARN_DOCUMENTATION_COMMENTS = YES;
				CLANG_WARN_EMPTY_BODY = YES;
				CLANG_WARN_ENUM_CONVERSION = YES;
				CLANG_WARN_INFINITE_RECURSION = YES;
				CLANG_WARN_INT_CONVERSION = YES;
				CLANG_WARN_NON_LITERAL_NULL_CONVERSION = YES;
				CLANG_WARN_OBJC_IMPLICIT_RETAIN_SELF = YES;
				CLANG_WARN_OBJC_LITERAL_CONVERSION = YES;
				CLANG_WARN_OBJC_ROOT_CLASS = YES_ERROR;
				CLANG_WARN_RANGE_LOOP_ANALYSIS = YES;
				CLANG_WARN_STRICT_PROTOTYPES = YES;
				CLANG_WARN_SUSPICIOUS_MOVE = YES;
				CLANG_WARN_UNGUARDED_AVAILABILITY = YES_AGGRESSIVE;
				CLANG_WARN_UNREACHABLE_CODE = YES;
				CLANG_WARN__DUPLICATE_METHOD_MATCH = YES;
				CODE_SIGN_IDENTITY = "iPhone Developer";
				COPY_PHASE_STRIP = NO;
				DEBUG_INFORMATION_FORMAT = "dwarf-with-dsym";
				ENABLE_NS_ASSERTIONS = NO;
				ENABLE_STRICT_OBJC_MSGSEND = YES;
				GCC_C_LANGUAGE_STANDARD = gnu11;
				GCC_NO_COMMON_BLOCKS = YES;
				GCC_WARN_64_TO_32_BIT_CONVERSION = YES;
				GCC_WARN_ABOUT_RETURN_TYPE = YES_ERROR;
				GCC_WARN_UNDECLARED_SELECTOR = YES;
				GCC_WARN_UNINITIALIZED_AUTOS = YES_AGGRESSIVE;
				GCC_WARN_UNUSED_FUNCTION = YES;
				GCC_WARN_UNUSED_VARIABLE = YES;
				IPHONEOS_DEPLOYMENT_TARGET = 12.1;
				MTL_ENABLE_DEBUG_INFO = NO;
				MTL_FAST_MATH = YES;
				SDKROOT = iphoneos;
				SWIFT_COMPILATION_MODE = wholemodule;
				SWIFT_OPTIMIZATION_LEVEL = "-O";
				VALIDATE_PRODUCT = YES;
			};
			name = Release;
		};
		74BC2936219F883E0090E299 /* Debug */ = {
			isa = XCBuildConfiguration;
			buildSettings = {
				ASSETCATALOG_COMPILER_APPICON_NAME = AppIcon;
				CODE_SIGN_STYLE = Automatic;
				DEVELOPMENT_TEAM = GH7252HV58;
				INFOPLIST_FILE = FlickrSearch/Info.plist;
				LD_RUNPATH_SEARCH_PATHS = (
					"$(inherited)",
					"@executable_path/Frameworks",
				);
				PRODUCT_BUNDLE_IDENTIFIER = josue.FlickrSearch;
				PRODUCT_NAME = "$(TARGET_NAME)";
				SWIFT_VERSION = 4.2;
				TARGETED_DEVICE_FAMILY = 2;
			};
			name = Debug;
		};
		74BC2937219F883E0090E299 /* Release */ = {
			isa = XCBuildConfiguration;
			buildSettings = {
				ASSETCATALOG_COMPILER_APPICON_NAME = AppIcon;
				CODE_SIGN_STYLE = Automatic;
				DEVELOPMENT_TEAM = GH7252HV58;
				INFOPLIST_FILE = FlickrSearch/Info.plist;
				LD_RUNPATH_SEARCH_PATHS = (
					"$(inherited)",
					"@executable_path/Frameworks",
				);
				PRODUCT_BUNDLE_IDENTIFIER = josue.FlickrSearch;
				PRODUCT_NAME = "$(TARGET_NAME)";
				SWIFT_VERSION = 4.2;
				TARGETED_DEVICE_FAMILY = 2;
			};
			name = Release;
		};
		74BC2939219F883E0090E299 /* Debug */ = {
			isa = XCBuildConfiguration;
			buildSettings = {
				ALWAYS_EMBED_SWIFT_STANDARD_LIBRARIES = YES;
				BUNDLE_LOADER = "$(TEST_HOST)";
				CODE_SIGN_STYLE = Automatic;
				DEVELOPMENT_TEAM = GH7252HV58;
				INFOPLIST_FILE = FlickrSearchTests/Info.plist;
				LD_RUNPATH_SEARCH_PATHS = (
					"$(inherited)",
					"@executable_path/Frameworks",
					"@loader_path/Frameworks",
				);
				PRODUCT_BUNDLE_IDENTIFIER = josue.FlickrSearchTests;
				PRODUCT_NAME = "$(TARGET_NAME)";
				SWIFT_VERSION = 4.2;
				TARGETED_DEVICE_FAMILY = "1,2";
				TEST_HOST = "$(BUILT_PRODUCTS_DIR)/FlickrSearch.app/FlickrSearch";
			};
			name = Debug;
		};
		74BC293A219F883E0090E299 /* Release */ = {
			isa = XCBuildConfiguration;
			buildSettings = {
				ALWAYS_EMBED_SWIFT_STANDARD_LIBRARIES = YES;
				BUNDLE_LOADER = "$(TEST_HOST)";
				CODE_SIGN_STYLE = Automatic;
				DEVELOPMENT_TEAM = GH7252HV58;
				INFOPLIST_FILE = FlickrSearchTests/Info.plist;
				LD_RUNPATH_SEARCH_PATHS = (
					"$(inherited)",
					"@executable_path/Frameworks",
					"@loader_path/Frameworks",
				);
				PRODUCT_BUNDLE_IDENTIFIER = josue.FlickrSearchTests;
				PRODUCT_NAME = "$(TARGET_NAME)";
				SWIFT_VERSION = 4.2;
				TARGETED_DEVICE_FAMILY = "1,2";
				TEST_HOST = "$(BUILT_PRODUCTS_DIR)/FlickrSearch.app/FlickrSearch";
			};
			name = Release;
		};
		74BC293C219F883E0090E299 /* Debug */ = {
			isa = XCBuildConfiguration;
			buildSettings = {
				ALWAYS_EMBED_SWIFT_STANDARD_LIBRARIES = YES;
				CODE_SIGN_STYLE = Automatic;
				DEVELOPMENT_TEAM = GH7252HV58;
				INFOPLIST_FILE = FlickrSearchUITests/Info.plist;
				LD_RUNPATH_SEARCH_PATHS = (
					"$(inherited)",
					"@executable_path/Frameworks",
					"@loader_path/Frameworks",
				);
				PRODUCT_BUNDLE_IDENTIFIER = josue.FlickrSearchUITests;
				PRODUCT_NAME = "$(TARGET_NAME)";
				SWIFT_VERSION = 4.2;
				TARGETED_DEVICE_FAMILY = "1,2";
				TEST_TARGET_NAME = FlickrSearch;
			};
			name = Debug;
		};
		74BC293D219F883E0090E299 /* Release */ = {
			isa = XCBuildConfiguration;
			buildSettings = {
				ALWAYS_EMBED_SWIFT_STANDARD_LIBRARIES = YES;
				CODE_SIGN_STYLE = Automatic;
				DEVELOPMENT_TEAM = GH7252HV58;
				INFOPLIST_FILE = FlickrSearchUITests/Info.plist;
				LD_RUNPATH_SEARCH_PATHS = (
					"$(inherited)",
					"@executable_path/Frameworks",
					"@loader_path/Frameworks",
				);
				PRODUCT_BUNDLE_IDENTIFIER = josue.FlickrSearchUITests;
				PRODUCT_NAME = "$(TARGET_NAME)";
				SWIFT_VERSION = 4.2;
				TARGETED_DEVICE_FAMILY = "1,2";
				TEST_TARGET_NAME = FlickrSearch;
			};
			name = Release;
		};
/* End XCBuildConfiguration section */

/* Begin XCConfigurationList section */
		74BC2908219F88390090E299 /* Build configuration list for PBXProject "FlickrSearch" */ = {
			isa = XCConfigurationList;
			buildConfigurations = (
				74BC2933219F883E0090E299 /* Debug */,
				74BC2934219F883E0090E299 /* Release */,
			);
			defaultConfigurationIsVisible = 0;
			defaultConfigurationName = Release;
		};
		74BC2935219F883E0090E299 /* Build configuration list for PBXNativeTarget "FlickrSearch" */ = {
			isa = XCConfigurationList;
			buildConfigurations = (
				74BC2936219F883E0090E299 /* Debug */,
				74BC2937219F883E0090E299 /* Release */,
			);
			defaultConfigurationIsVisible = 0;
			defaultConfigurationName = Release;
		};
		74BC2938219F883E0090E299 /* Build configuration list for PBXNativeTarget "FlickrSearchTests" */ = {
			isa = XCConfigurationList;
			buildConfigurations = (
				74BC2939219F883E0090E299 /* Debug */,
				74BC293A219F883E0090E299 /* Release */,
			);
			defaultConfigurationIsVisible = 0;
			defaultConfigurationName = Release;
		};
		74BC293B219F883E0090E299 /* Build configuration list for PBXNativeTarget "FlickrSearchUITests" */ = {
			isa = XCConfigurationList;
			buildConfigurations = (
				74BC293C219F883E0090E299 /* Debug */,
				74BC293D219F883E0090E299 /* Release */,
			);
			defaultConfigurationIsVisible = 0;
			defaultConfigurationName = Release;
		};
/* End XCConfigurationList section */
	};
	rootObject = 74BC2905219F88390090E299 /* Project object */;
}
