// !$*UTF8*$!
{
	archiveVersion = 1;
	classes = {
	};
	objectVersion = 50;
	objects = {

/* Begin PBXBuildFile section */
		748AEC8F219657880044E425 /* AppDelegate.swift in Sources */ = {isa = PBXBuildFile; fileRef = 748AEC8E219657880044E425 /* AppDelegate.swift */; };
		748AEC91219657880044E425 /* ViewController.swift in Sources */ = {isa = PBXBuildFile; fileRef = 748AEC90219657880044E425 /* ViewController.swift */; };
		748AEC94219657880044E425 /* Main.storyboard in Resources */ = {isa = PBXBuildFile; fileRef = 748AEC92219657880044E425 /* Main.storyboard */; };
		748AEC962196578A0044E425 /* Assets.xcassets in Resources */ = {isa = PBXBuildFile; fileRef = 748AEC952196578A0044E425 /* Assets.xcassets */; };
		748AEC992196578A0044E425 /* LaunchScreen.storyboard in Resources */ = {isa = PBXBuildFile; fileRef = 748AEC972196578A0044E425 /* LaunchScreen.storyboard */; };
		748AECA42196578A0044E425 /* LabTunesTests.swift in Sources */ = {isa = PBXBuildFile; fileRef = 748AECA32196578A0044E425 /* LabTunesTests.swift */; };
		748AECAF2196578A0044E425 /* LabTunesUITests.swift in Sources */ = {isa = PBXBuildFile; fileRef = 748AECAE2196578A0044E425 /* LabTunesUITests.swift */; };
		748AECBE2196583F0044E425 /* User.swift in Sources */ = {isa = PBXBuildFile; fileRef = 748AECBD2196583F0044E425 /* User.swift */; };
		748AECC0219658490044E425 /* Session.swift in Sources */ = {isa = PBXBuildFile; fileRef = 748AECBF219658490044E425 /* Session.swift */; };
		748AECC2219658540044E425 /* Music.swift in Sources */ = {isa = PBXBuildFile; fileRef = 748AECC1219658540044E425 /* Music.swift */; };
		748AECC4219658600044E425 /* Song.swift in Sources */ = {isa = PBXBuildFile; fileRef = 748AECC3219658600044E425 /* Song.swift */; };
		748AECC621966BAC0044E425 /* NetworkTests.swift in Sources */ = {isa = PBXBuildFile; fileRef = 748AECC521966BAC0044E425 /* NetworkTests.swift */; };
/* End PBXBuildFile section */

/* Begin PBXContainerItemProxy section */
		748AECA02196578A0044E425 /* PBXContainerItemProxy */ = {
			isa = PBXContainerItemProxy;
			containerPortal = 748AEC83219657880044E425 /* Project object */;
			proxyType = 1;
			remoteGlobalIDString = 748AEC8A219657880044E425;
			remoteInfo = LabTunes;
		};
		748AECAB2196578A0044E425 /* PBXContainerItemProxy */ = {
			isa = PBXContainerItemProxy;
			containerPortal = 748AEC83219657880044E425 /* Project object */;
			proxyType = 1;
			remoteGlobalIDString = 748AEC8A219657880044E425;
			remoteInfo = LabTunes;
		};
/* End PBXContainerItemProxy section */

/* Begin PBXFileReference section */
		748AEC8B219657880044E425 /* LabTunes.app */ = {isa = PBXFileReference; explicitFileType = wrapper.application; includeInIndex = 0; path = LabTunes.app; sourceTree = BUILT_PRODUCTS_DIR; };
		748AEC8E219657880044E425 /* AppDelegate.swift */ = {isa = PBXFileReference; lastKnownFileType = sourcecode.swift; path = AppDelegate.swift; sourceTree = "<group>"; };
		748AEC90219657880044E425 /* ViewController.swift */ = {isa = PBXFileReference; lastKnownFileType = sourcecode.swift; path = ViewController.swift; sourceTree = "<group>"; };
		748AEC93219657880044E425 /* Base */ = {isa = PBXFileReference; lastKnownFileType = file.storyboard; name = Base; path = Base.lproj/Main.storyboard; sourceTree = "<group>"; };
		748AEC952196578A0044E425 /* Assets.xcassets */ = {isa = PBXFileReference; lastKnownFileType = folder.assetcatalog; path = Assets.xcassets; sourceTree = "<group>"; };
		748AEC982196578A0044E425 /* Base */ = {isa = PBXFileReference; lastKnownFileType = file.storyboard; name = Base; path = Base.lproj/LaunchScreen.storyboard; sourceTree = "<group>"; };
		748AEC9A2196578A0044E425 /* Info.plist */ = {isa = PBXFileReference; lastKnownFileType = text.plist.xml; path = Info.plist; sourceTree = "<group>"; };
		748AEC9F2196578A0044E425 /* LabTunesTests.xctest */ = {isa = PBXFileReference; explicitFileType = wrapper.cfbundle; includeInIndex = 0; path = LabTunesTests.xctest; sourceTree = BUILT_PRODUCTS_DIR; };
		748AECA32196578A0044E425 /* LabTunesTests.swift */ = {isa = PBXFileReference; lastKnownFileType = sourcecode.swift; path = LabTunesTests.swift; sourceTree = "<group>"; };
		748AECA52196578A0044E425 /* Info.plist */ = {isa = PBXFileReference; lastKnownFileType = text.plist.xml; path = Info.plist; sourceTree = "<group>"; };
		748AECAA2196578A0044E425 /* LabTunesUITests.xctest */ = {isa = PBXFileReference; explicitFileType = wrapper.cfbundle; includeInIndex = 0; path = LabTunesUITests.xctest; sourceTree = BUILT_PRODUCTS_DIR; };
		748AECAE2196578A0044E425 /* LabTunesUITests.swift */ = {isa = PBXFileReference; lastKnownFileType = sourcecode.swift; path = LabTunesUITests.swift; sourceTree = "<group>"; };
		748AECB02196578A0044E425 /* Info.plist */ = {isa = PBXFileReference; lastKnownFileType = text.plist.xml; path = Info.plist; sourceTree = "<group>"; };
		748AECBD2196583F0044E425 /* User.swift */ = {isa = PBXFileReference; lastKnownFileType = sourcecode.swift; path = User.swift; sourceTree = "<group>"; };
		748AECBF219658490044E425 /* Session.swift */ = {isa = PBXFileReference; lastKnownFileType = sourcecode.swift; path = Session.swift; sourceTree = "<group>"; };
		748AECC1219658540044E425 /* Music.swift */ = {isa = PBXFileReference; lastKnownFileType = sourcecode.swift; path = Music.swift; sourceTree = "<group>"; };
		748AECC3219658600044E425 /* Song.swift */ = {isa = PBXFileReference; lastKnownFileType = sourcecode.swift; path = Song.swift; sourceTree = "<group>"; };
		748AECC521966BAC0044E425 /* NetworkTests.swift */ = {isa = PBXFileReference; lastKnownFileType = sourcecode.swift; path = NetworkTests.swift; sourceTree = "<group>"; };
/* End PBXFileReference section */

/* Begin PBXFrameworksBuildPhase section */
		748AEC88219657880044E425 /* Frameworks */ = {
			isa = PBXFrameworksBuildPhase;
			buildActionMask = 2147483647;
			files = (
			);
			runOnlyForDeploymentPostprocessing = 0;
		};
		748AEC9C2196578A0044E425 /* Frameworks */ = {
			isa = PBXFrameworksBuildPhase;
			buildActionMask = 2147483647;
			files = (
			);
			runOnlyForDeploymentPostprocessing = 0;
		};
		748AECA72196578A0044E425 /* Frameworks */ = {
			isa = PBXFrameworksBuildPhase;
			buildActionMask = 2147483647;
			files = (
			);
			runOnlyForDeploymentPostprocessing = 0;
		};
/* End PBXFrameworksBuildPhase section */

/* Begin PBXGroup section */
		748AEC82219657880044E425 = {
			isa = PBXGroup;
			children = (
				748AEC8D219657880044E425 /* LabTunes */,
				748AECA22196578A0044E425 /* LabTunesTests */,
				748AECAD2196578A0044E425 /* LabTunesUITests */,
				748AEC8C219657880044E425 /* Products */,
			);
			sourceTree = "<group>";
		};
		748AEC8C219657880044E425 /* Products */ = {
			isa = PBXGroup;
			children = (
				748AEC8B219657880044E425 /* LabTunes.app */,
				748AEC9F2196578A0044E425 /* LabTunesTests.xctest */,
				748AECAA2196578A0044E425 /* LabTunesUITests.xctest */,
			);
			name = Products;
			sourceTree = "<group>";
		};
		748AEC8D219657880044E425 /* LabTunes */ = {
			isa = PBXGroup;
			children = (
				748AECBC219658060044E425 /* Models */,
				748AEC8E219657880044E425 /* AppDelegate.swift */,
				748AEC90219657880044E425 /* ViewController.swift */,
				748AEC92219657880044E425 /* Main.storyboard */,
				748AEC952196578A0044E425 /* Assets.xcassets */,
				748AEC972196578A0044E425 /* LaunchScreen.storyboard */,
				748AEC9A2196578A0044E425 /* Info.plist */,
			);
			path = LabTunes;
			sourceTree = "<group>";
		};
		748AECA22196578A0044E425 /* LabTunesTests */ = {
			isa = PBXGroup;
			children = (
				748AECA32196578A0044E425 /* LabTunesTests.swift */,
				748AECA52196578A0044E425 /* Info.plist */,
				748AECC521966BAC0044E425 /* NetworkTests.swift */,
			);
			path = LabTunesTests;
			sourceTree = "<group>";
		};
		748AECAD2196578A0044E425 /* LabTunesUITests */ = {
			isa = PBXGroup;
			children = (
				748AECAE2196578A0044E425 /* LabTunesUITests.swift */,
				748AECB02196578A0044E425 /* Info.plist */,
			);
			path = LabTunesUITests;
			sourceTree = "<group>";
		};
		748AECBC219658060044E425 /* Models */ = {
			isa = PBXGroup;
			children = (
				748AECBD2196583F0044E425 /* User.swift */,
				748AECBF219658490044E425 /* Session.swift */,
				748AECC1219658540044E425 /* Music.swift */,
				748AECC3219658600044E425 /* Song.swift */,
			);
			path = Models;
			sourceTree = "<group>";
		};
/* End PBXGroup section */

/* Begin PBXNativeTarget section */
		748AEC8A219657880044E425 /* LabTunes */ = {
			isa = PBXNativeTarget;
			buildConfigurationList = 748AECB32196578A0044E425 /* Build configuration list for PBXNativeTarget "LabTunes" */;
			buildPhases = (
				748AEC87219657880044E425 /* Sources */,
				748AEC88219657880044E425 /* Frameworks */,
				748AEC89219657880044E425 /* Resources */,
			);
			buildRules = (
			);
			dependencies = (
			);
			name = LabTunes;
			productName = LabTunes;
			productReference = 748AEC8B219657880044E425 /* LabTunes.app */;
			productType = "com.apple.product-type.application";
		};
		748AEC9E2196578A0044E425 /* LabTunesTests */ = {
			isa = PBXNativeTarget;
			buildConfigurationList = 748AECB62196578A0044E425 /* Build configuration list for PBXNativeTarget "LabTunesTests" */;
			buildPhases = (
				748AEC9B2196578A0044E425 /* Sources */,
				748AEC9C2196578A0044E425 /* Frameworks */,
				748AEC9D2196578A0044E425 /* Resources */,
			);
			buildRules = (
			);
			dependencies = (
				748AECA12196578A0044E425 /* PBXTargetDependency */,
			);
			name = LabTunesTests;
			productName = LabTunesTests;
			productReference = 748AEC9F2196578A0044E425 /* LabTunesTests.xctest */;
			productType = "com.apple.product-type.bundle.unit-test";
		};
		748AECA92196578A0044E425 /* LabTunesUITests */ = {
			isa = PBXNativeTarget;
			buildConfigurationList = 748AECB92196578A0044E425 /* Build configuration list for PBXNativeTarget "LabTunesUITests" */;
			buildPhases = (
				748AECA62196578A0044E425 /* Sources */,
				748AECA72196578A0044E425 /* Frameworks */,
				748AECA82196578A0044E425 /* Resources */,
			);
			buildRules = (
			);
			dependencies = (
				748AECAC2196578A0044E425 /* PBXTargetDependency */,
			);
			name = LabTunesUITests;
			productName = LabTunesUITests;
			productReference = 748AECAA2196578A0044E425 /* LabTunesUITests.xctest */;
			productType = "com.apple.product-type.bundle.ui-testing";
		};
/* End PBXNativeTarget section */

/* Begin PBXProject section */
		748AEC83219657880044E425 /* Project object */ = {
			isa = PBXProject;
			attributes = {
				LastSwiftUpdateCheck = 1010;
				LastUpgradeCheck = 1010;
				ORGANIZATIONNAME = "Josue Quiñones";
				TargetAttributes = {
					748AEC8A219657880044E425 = {
						CreatedOnToolsVersion = 10.1;
					};
					748AEC9E2196578A0044E425 = {
						CreatedOnToolsVersion = 10.1;
						TestTargetID = 748AEC8A219657880044E425;
					};
					748AECA92196578A0044E425 = {
						CreatedOnToolsVersion = 10.1;
						TestTargetID = 748AEC8A219657880044E425;
					};
				};
			};
			buildConfigurationList = 748AEC86219657880044E425 /* Build configuration list for PBXProject "LabTunes" */;
			compatibilityVersion = "Xcode 9.3";
			developmentRegion = en;
			hasScannedForEncodings = 0;
			knownRegions = (
				en,
				Base,
			);
			mainGroup = 748AEC82219657880044E425;
			productRefGroup = 748AEC8C219657880044E425 /* Products */;
			projectDirPath = "";
			projectRoot = "";
			targets = (
				748AEC8A219657880044E425 /* LabTunes */,
				748AEC9E2196578A0044E425 /* LabTunesTests */,
				748AECA92196578A0044E425 /* LabTunesUITests */,
			);
		};
/* End PBXProject section */

/* Begin PBXResourcesBuildPhase section */
		748AEC89219657880044E425 /* Resources */ = {
			isa = PBXResourcesBuildPhase;
			buildActionMask = 2147483647;
			files = (
				748AEC992196578A0044E425 /* LaunchScreen.storyboard in Resources */,
				748AEC962196578A0044E425 /* Assets.xcassets in Resources */,
				748AEC94219657880044E425 /* Main.storyboard in Resources */,
			);
			runOnlyForDeploymentPostprocessing = 0;
		};
		748AEC9D2196578A0044E425 /* Resources */ = {
			isa = PBXResourcesBuildPhase;
			buildActionMask = 2147483647;
			files = (
			);
			runOnlyForDeploymentPostprocessing = 0;
		};
		748AECA82196578A0044E425 /* Resources */ = {
			isa = PBXResourcesBuildPhase;
			buildActionMask = 2147483647;
			files = (
			);
			runOnlyForDeploymentPostprocessing = 0;
		};
/* End PBXResourcesBuildPhase section */

/* Begin PBXSourcesBuildPhase section */
		748AEC87219657880044E425 /* Sources */ = {
			isa = PBXSourcesBuildPhase;
			buildActionMask = 2147483647;
			files = (
				748AECC4219658600044E425 /* Song.swift in Sources */,
				748AECC0219658490044E425 /* Session.swift in Sources */,
				748AEC91219657880044E425 /* ViewController.swift in Sources */,
				748AECC2219658540044E425 /* Music.swift in Sources */,
				748AEC8F219657880044E425 /* AppDelegate.swift in Sources */,
				748AECBE2196583F0044E425 /* User.swift in Sources */,
			);
			runOnlyForDeploymentPostprocessing = 0;
		};
		748AEC9B2196578A0044E425 /* Sources */ = {
			isa = PBXSourcesBuildPhase;
			buildActionMask = 2147483647;
			files = (
				748AECC621966BAC0044E425 /* NetworkTests.swift in Sources */,
				748AECA42196578A0044E425 /* LabTunesTests.swift in Sources */,
			);
			runOnlyForDeploymentPostprocessing = 0;
		};
		748AECA62196578A0044E425 /* Sources */ = {
			isa = PBXSourcesBuildPhase;
			buildActionMask = 2147483647;
			files = (
				748AECAF2196578A0044E425 /* LabTunesUITests.swift in Sources */,
			);
			runOnlyForDeploymentPostprocessing = 0;
		};
/* End PBXSourcesBuildPhase section */

/* Begin PBXTargetDependency section */
		748AECA12196578A0044E425 /* PBXTargetDependency */ = {
			isa = PBXTargetDependency;
			target = 748AEC8A219657880044E425 /* LabTunes */;
			targetProxy = 748AECA02196578A0044E425 /* PBXContainerItemProxy */;
		};
		748AECAC2196578A0044E425 /* PBXTargetDependency */ = {
			isa = PBXTargetDependency;
			target = 748AEC8A219657880044E425 /* LabTunes */;
			targetProxy = 748AECAB2196578A0044E425 /* PBXContainerItemProxy */;
		};
/* End PBXTargetDependency section */

/* Begin PBXVariantGroup section */
		748AEC92219657880044E425 /* Main.storyboard */ = {
			isa = PBXVariantGroup;
			children = (
				748AEC93219657880044E425 /* Base */,
			);
			name = Main.storyboard;
			sourceTree = "<group>";
		};
		748AEC972196578A0044E425 /* LaunchScreen.storyboard */ = {
			isa = PBXVariantGroup;
			children = (
				748AEC982196578A0044E425 /* Base */,
			);
			name = LaunchScreen.storyboard;
			sourceTree = "<group>";
		};
/* End PBXVariantGroup section */

/* Begin XCBuildConfiguration section */
		748AECB12196578A0044E425 /* Debug */ = {
			isa = XCBuildConfiguration;
			buildSettings = {
				ALWAYS_SEARCH_USER_PATHS = NO;
				CLANG_ANALYZER_NONNULL = YES;
				CLANG_ANALYZER_NUMBER_OBJECT_CONVERSION = YES_AGGRESSIVE;
				CLANG_CXX_LANGUAGE_STANDARD = "gnu++14";
				CLANG_CXX_LIBRARY = "libc++";
				CLANG_ENABLE_MODULES = YES;
				CLANG_ENABLE_OBJC_ARC = YES;
				CLANG_ENABLE_OBJC_WEAK = YES;
				CLANG_WARN_BLOCK_CAPTURE_AUTORELEASING = YES;
				CLANG_WARN_BOOL_CONVERSION = YES;
				CLANG_WARN_COMMA = YES;
				CLANG_WARN_CONSTANT_CONVERSION = YES;
				CLANG_WARN_DEPRECATED_OBJC_IMPLEMENTATIONS = YES;
				CLANG_WARN_DIRECT_OBJC_ISA_USAGE = YES_ERROR;
				CLANG_WARN_DOCUMENTATION_COMMENTS = YES;
				CLANG_WARN_EMPTY_BODY = YES;
				CLANG_WARN_ENUM_CONVERSION = YES;
				CLANG_WARN_INFINITE_RECURSION = YES;
				CLANG_WARN_INT_CONVERSION = YES;
				CLANG_WARN_NON_LITERAL_NULL_CONVERSION = YES;
				CLANG_WARN_OBJC_IMPLICIT_RETAIN_SELF = YES;
				CLANG_WARN_OBJC_LITERAL_CONVERSION = YES;
				CLANG_WARN_OBJC_ROOT_CLASS = YES_ERROR;
				CLANG_WARN_RANGE_LOOP_ANALYSIS = YES;
				CLANG_WARN_STRICT_PROTOTYPES = YES;
				CLANG_WARN_SUSPICIOUS_MOVE = YES;
				CLANG_WARN_UNGUARDED_AVAILABILITY = YES_AGGRESSIVE;
				CLANG_WARN_UNREACHABLE_CODE = YES;
				CLANG_WARN__DUPLICATE_METHOD_MATCH = YES;
				CODE_SIGN_IDENTITY = "iPhone Developer";
				COPY_PHASE_STRIP = NO;
				DEBUG_INFORMATION_FORMAT = dwarf;
				ENABLE_STRICT_OBJC_MSGSEND = YES;
				ENABLE_TESTABILITY = YES;
				GCC_C_LANGUAGE_STANDARD = gnu11;
				GCC_DYNAMIC_NO_PIC = NO;
				GCC_NO_COMMON_BLOCKS = YES;
				GCC_OPTIMIZATION_LEVEL = 0;
				GCC_PREPROCESSOR_DEFINITIONS = (
					"DEBUG=1",
					"$(inherited)",
				);
				GCC_WARN_64_TO_32_BIT_CONVERSION = YES;
				GCC_WARN_ABOUT_RETURN_TYPE = YES_ERROR;
				GCC_WARN_UNDECLARED_SELECTOR = YES;
				GCC_WARN_UNINITIALIZED_AUTOS = YES_AGGRESSIVE;
				GCC_WARN_UNUSED_FUNCTION = YES;
				GCC_WARN_UNUSED_VARIABLE = YES;
				IPHONEOS_DEPLOYMENT_TARGET = 12.1;
				MTL_ENABLE_DEBUG_INFO = INCLUDE_SOURCE;
				MTL_FAST_MATH = YES;
				ONLY_ACTIVE_ARCH = YES;
				SDKROOT = iphoneos;
				SWIFT_ACTIVE_COMPILATION_CONDITIONS = DEBUG;
				SWIFT_OPTIMIZATION_LEVEL = "-Onone";
			};
			name = Debug;
		};
		748AECB22196578A0044E425 /* Release */ = {
			isa = XCBuildConfiguration;
			buildSettings = {
				ALWAYS_SEARCH_USER_PATHS = NO;
				CLANG_ANALYZER_NONNULL = YES;
				CLANG_ANALYZER_NUMBER_OBJECT_CONVERSION = YES_AGGRESSIVE;
				CLANG_CXX_LANGUAGE_STANDARD = "gnu++14";
				CLANG_CXX_LIBRARY = "libc++";
				CLANG_ENABLE_MODULES = YES;
				CLANG_ENABLE_OBJC_ARC = YES;
				CLANG_ENABLE_OBJC_WEAK = YES;
				CLANG_WARN_BLOCK_CAPTURE_AUTORELEASING = YES;
				CLANG_WARN_BOOL_CONVERSION = YES;
				CLANG_WARN_COMMA = YES;
				CLANG_WARN_CONSTANT_CONVERSION = YES;
				CLANG_WARN_DEPRECATED_OBJC_IMPLEMENTATIONS = YES;
				CLANG_WARN_DIRECT_OBJC_ISA_USAGE = YES_ERROR;
				CLANG_WARN_DOCUMENTATION_COMMENTS = YES;
				CLANG_WARN_EMPTY_BODY = YES;
				CLANG_WARN_ENUM_CONVERSION = YES;
				CLANG_WARN_INFINITE_RECURSION = YES;
				CLANG_WARN_INT_CONVERSION = YES;
				CLANG_WARN_NON_LITERAL_NULL_CONVERSION = YES;
				CLANG_WARN_OBJC_IMPLICIT_RETAIN_SELF = YES;
				CLANG_WARN_OBJC_LITERAL_CONVERSION = YES;
				CLANG_WARN_OBJC_ROOT_CLASS = YES_ERROR;
				CLANG_WARN_RANGE_LOOP_ANALYSIS = YES;
				CLANG_WARN_STRICT_PROTOTYPES = YES;
				CLANG_WARN_SUSPICIOUS_MOVE = YES;
				CLANG_WARN_UNGUARDED_AVAILABILITY = YES_AGGRESSIVE;
				CLANG_WARN_UNREACHABLE_CODE = YES;
				CLANG_WARN__DUPLICATE_METHOD_MATCH = YES;
				CODE_SIGN_IDENTITY = "iPhone Developer";
				COPY_PHASE_STRIP = NO;
				DEBUG_INFORMATION_FORMAT = "dwarf-with-dsym";
				ENABLE_NS_ASSERTIONS = NO;
				ENABLE_STRICT_OBJC_MSGSEND = YES;
				GCC_C_LANGUAGE_STANDARD = gnu11;
				GCC_NO_COMMON_BLOCKS = YES;
				GCC_WARN_64_TO_32_BIT_CONVERSION = YES;
				GCC_WARN_ABOUT_RETURN_TYPE = YES_ERROR;
				GCC_WARN_UNDECLARED_SELECTOR = YES;
				GCC_WARN_UNINITIALIZED_AUTOS = YES_AGGRESSIVE;
				GCC_WARN_UNUSED_FUNCTION = YES;
				GCC_WARN_UNUSED_VARIABLE = YES;
				IPHONEOS_DEPLOYMENT_TARGET = 12.1;
				MTL_ENABLE_DEBUG_INFO = NO;
				MTL_FAST_MATH = YES;
				SDKROOT = iphoneos;
				SWIFT_COMPILATION_MODE = wholemodule;
				SWIFT_OPTIMIZATION_LEVEL = "-O";
				VALIDATE_PRODUCT = YES;
			};
			name = Release;
		};
		748AECB42196578A0044E425 /* Debug */ = {
			isa = XCBuildConfiguration;
			buildSettings = {
				ASSETCATALOG_COMPILER_APPICON_NAME = AppIcon;
				CODE_SIGN_STYLE = Automatic;
				DEVELOPMENT_TEAM = GH7252HV58;
				INFOPLIST_FILE = LabTunes/Info.plist;
				LD_RUNPATH_SEARCH_PATHS = (
					"$(inherited)",
					"@executable_path/Frameworks",
				);
				PRODUCT_BUNDLE_IDENTIFIER = josue.LabTunes;
				PRODUCT_NAME = "$(TARGET_NAME)";
				SWIFT_VERSION = 4.2;
				TARGETED_DEVICE_FAMILY = "1,2";
			};
			name = Debug;
		};
		748AECB52196578A0044E425 /* Release */ = {
			isa = XCBuildConfiguration;
			buildSettings = {
				ASSETCATALOG_COMPILER_APPICON_NAME = AppIcon;
				CODE_SIGN_STYLE = Automatic;
				DEVELOPMENT_TEAM = GH7252HV58;
				INFOPLIST_FILE = LabTunes/Info.plist;
				LD_RUNPATH_SEARCH_PATHS = (
					"$(inherited)",
					"@executable_path/Frameworks",
				);
				PRODUCT_BUNDLE_IDENTIFIER = josue.LabTunes;
				PRODUCT_NAME = "$(TARGET_NAME)";
				SWIFT_VERSION = 4.2;
				TARGETED_DEVICE_FAMILY = "1,2";
			};
			name = Release;
		};
		748AECB72196578A0044E425 /* Debug */ = {
			isa = XCBuildConfiguration;
			buildSettings = {
				ALWAYS_EMBED_SWIFT_STANDARD_LIBRARIES = YES;
				BUNDLE_LOADER = "$(TEST_HOST)";
				CODE_SIGN_STYLE = Automatic;
				DEVELOPMENT_TEAM = GH7252HV58;
				INFOPLIST_FILE = LabTunesTests/Info.plist;
				LD_RUNPATH_SEARCH_PATHS = (
					"$(inherited)",
					"@executable_path/Frameworks",
					"@loader_path/Frameworks",
				);
				PRODUCT_BUNDLE_IDENTIFIER = josue.LabTunesTests;
				PRODUCT_NAME = "$(TARGET_NAME)";
				SWIFT_VERSION = 4.2;
				TARGETED_DEVICE_FAMILY = "1,2";
				TEST_HOST = "$(BUILT_PRODUCTS_DIR)/LabTunes.app/LabTunes";
			};
			name = Debug;
		};
		748AECB82196578A0044E425 /* Release */ = {
			isa = XCBuildConfiguration;
			buildSettings = {
				ALWAYS_EMBED_SWIFT_STANDARD_LIBRARIES = YES;
				BUNDLE_LOADER = "$(TEST_HOST)";
				CODE_SIGN_STYLE = Automatic;
				DEVELOPMENT_TEAM = GH7252HV58;
				INFOPLIST_FILE = LabTunesTests/Info.plist;
				LD_RUNPATH_SEARCH_PATHS = (
					"$(inherited)",
					"@executable_path/Frameworks",
					"@loader_path/Frameworks",
				);
				PRODUCT_BUNDLE_IDENTIFIER = josue.LabTunesTests;
				PRODUCT_NAME = "$(TARGET_NAME)";
				SWIFT_VERSION = 4.2;
				TARGETED_DEVICE_FAMILY = "1,2";
				TEST_HOST = "$(BUILT_PRODUCTS_DIR)/LabTunes.app/LabTunes";
			};
			name = Release;
		};
		748AECBA2196578A0044E425 /* Debug */ = {
			isa = XCBuildConfiguration;
			buildSettings = {
				ALWAYS_EMBED_SWIFT_STANDARD_LIBRARIES = YES;
				CODE_SIGN_STYLE = Automatic;
				DEVELOPMENT_TEAM = GH7252HV58;
				INFOPLIST_FILE = LabTunesUITests/Info.plist;
				LD_RUNPATH_SEARCH_PATHS = (
					"$(inherited)",
					"@executable_path/Frameworks",
					"@loader_path/Frameworks",
				);
				PRODUCT_BUNDLE_IDENTIFIER = josue.LabTunesUITests;
				PRODUCT_NAME = "$(TARGET_NAME)";
				SWIFT_VERSION = 4.2;
				TARGETED_DEVICE_FAMILY = "1,2";
				TEST_TARGET_NAME = LabTunes;
			};
			name = Debug;
		};
		748AECBB2196578A0044E425 /* Release */ = {
			isa = XCBuildConfiguration;
			buildSettings = {
				ALWAYS_EMBED_SWIFT_STANDARD_LIBRARIES = YES;
				CODE_SIGN_STYLE = Automatic;
				DEVELOPMENT_TEAM = GH7252HV58;
				INFOPLIST_FILE = LabTunesUITests/Info.plist;
				LD_RUNPATH_SEARCH_PATHS = (
					"$(inherited)",
					"@executable_path/Frameworks",
					"@loader_path/Frameworks",
				);
				PRODUCT_BUNDLE_IDENTIFIER = josue.LabTunesUITests;
				PRODUCT_NAME = "$(TARGET_NAME)";
				SWIFT_VERSION = 4.2;
				TARGETED_DEVICE_FAMILY = "1,2";
				TEST_TARGET_NAME = LabTunes;
			};
			name = Release;
		};
/* End XCBuildConfiguration section */

/* Begin XCConfigurationList section */
		748AEC86219657880044E425 /* Build configuration list for PBXProject "LabTunes" */ = {
			isa = XCConfigurationList;
			buildConfigurations = (
				748AECB12196578A0044E425 /* Debug */,
				748AECB22196578A0044E425 /* Release */,
			);
			defaultConfigurationIsVisible = 0;
			defaultConfigurationName = Release;
		};
		748AECB32196578A0044E425 /* Build configuration list for PBXNativeTarget "LabTunes" */ = {
			isa = XCConfigurationList;
			buildConfigurations = (
				748AECB42196578A0044E425 /* Debug */,
				748AECB52196578A0044E425 /* Release */,
			);
			defaultConfigurationIsVisible = 0;
			defaultConfigurationName = Release;
		};
		748AECB62196578A0044E425 /* Build configuration list for PBXNativeTarget "LabTunesTests" */ = {
			isa = XCConfigurationList;
			buildConfigurations = (
				748AECB72196578A0044E425 /* Debug */,
				748AECB82196578A0044E425 /* Release */,
			);
			defaultConfigurationIsVisible = 0;
			defaultConfigurationName = Release;
		};
		748AECB92196578A0044E425 /* Build configuration list for PBXNativeTarget "LabTunesUITests" */ = {
			isa = XCConfigurationList;
			buildConfigurations = (
				748AECBA2196578A0044E425 /* Debug */,
				748AECBB2196578A0044E425 /* Release */,
			);
			defaultConfigurationIsVisible = 0;
			defaultConfigurationName = Release;
		};
/* End XCConfigurationList section */
	};
	rootObject = 748AEC83219657880044E425 /* Project object */;
}
